# This file is automatically @generated by Poetry 2.2.1 and should not be changed by hand.

[[package]]
name = "click"
version = "8.1.7"
description = "Composable command line interface toolkit"
optional = false
python-versions = ">=3.7"
groups = ["main"]
files = [
    {file = "click-8.1.7-py3-none-any.whl", hash = "sha256:ae74fb96c20a0277a1d615f1e4d73c8414f5a98db8b799a7931d1582f3390c28"},
    {file = "click-8.1.7.tar.gz", hash = "sha256:ca9853ad459e787e2192211578cc907e7594e294c7ccc834310722b41b9ca6de"},
]

[package.dependencies]
colorama = {version = "*", markers = "platform_system == \"Windows\""}

[[package]]
name = "colorama"
version = "0.4.6"
description = "Cross-platform colored terminal text."
optional = false
python-versions = "!=3.0.*,!=3.1.*,!=3.2.*,!=3.3.*,!=3.4.*,!=3.5.*,!=3.6.*,>=2.7"
groups = ["main", "dev"]
files = [
    {file = "colorama-0.4.6-py2.py3-none-any.whl", hash = "sha256:4f1d9991f5acc0ca119f9d443620b77f9d6b33703e51011c16baf57afb285fc6"},
    {file = "colorama-0.4.6.tar.gz", hash = "sha256:08695f5cb7ed6e0531a20572697297273c47b8cae5a63ffc6d6ed5c201be6e44"},
]
markers = {main = "sys_platform == \"win32\" or platform_system == \"Windows\"", dev = "sys_platform == \"win32\""}

[[package]]
name = "iniconfig"
version = "2.0.0"
description = "brain-dead simple config-ini parsing"
optional = false
python-versions = ">=3.7"
groups = ["dev"]
files = [
    {file = "iniconfig-2.0.0-py3-none-any.whl", hash = "sha256:b6a85871a79d2e3b22d2d1b94ac2824226a63c6b741c88f7ae975f18b6778374"},
    {file = "iniconfig-2.0.0.tar.gz", hash = "sha256:2d91e135bf72d31a410b17c16da610a82cb55f6b0477d1a902134b24a455b8b3"},
]

[[package]]
name = "ldap3"
version = "2.9.1"
description = "A strictly RFC 4510 conforming LDAP V3 pure Python client library"
optional = false
python-versions = "*"
groups = ["main"]
files = [
    {file = "ldap3-2.9.1-py2.py3-none-any.whl", hash = "sha256:5869596fc4948797020d3f03b7939da938778a0f9e2009f7a072ccf92b8e8d70"},
    {file = "ldap3-2.9.1.tar.gz", hash = "sha256:f3e7fc4718e3f09dda568b57100095e0ce58633bcabbed8667ce3f8fbaa4229f"},
]

[package.dependencies]
pyasn1 = ">=0.4.6"

[[package]]
name = "librt"
version = "0.6.2"
description = "Mypyc runtime library"
optional = false
python-versions = ">=3.9"
groups = ["dev"]
markers = "platform_python_implementation != \"PyPy\""
files = [
    {file = "librt-0.6.2-cp310-cp310-macosx_10_9_x86_64.whl", hash = "sha256:7a52a08a7e725629c46b599a0773dc824025cf11c55e7a27231ec3975977dd75"},
    {file = "librt-0.6.2-cp310-cp310-macosx_11_0_arm64.whl", hash = "sha256:1e8fb4770f6bdde38c7f5eb882fd754b4813d3b9ecaa1670e455d6f5dd0f17de"},
    {file = "librt-0.6.2-cp310-cp310-manylinux1_i686.manylinux_2_28_i686.manylinux_2_5_i686.whl", hash = "sha256:5ef044b227ee67e44497080b796a3c6b75bd9b3efe1c4b857503122b15e8e5a6"},
    {file = "librt-0.6.2-cp310-cp310-manylinux2014_aarch64.manylinux_2_17_aarch64.manylinux_2_28_aarch64.whl", hash = "sha256:5b5bb3ce17287b3743a70563318afefb38e7b0f019b7d53cd12fbe9680a51fcf"},
    {file = "librt-0.6.2-cp310-cp310-manylinux2014_x86_64.manylinux_2_17_x86_64.manylinux_2_28_x86_64.whl", hash = "sha256:fa69a9c81e6d0c36339e759583794c17cea4391e1a29d0cba38d311594110a16"},
    {file = "librt-0.6.2-cp310-cp310-musllinux_1_2_aarch64.whl", hash = "sha256:7fcbb0495a98ac859e67da5606ea3db4edf54000fb06f8878aa09a1b7b1d202b"},
    {file = "librt-0.6.2-cp310-cp310-musllinux_1_2_i686.whl", hash = "sha256:c98a4f91a4fced1cf31bfc43a2b09ba35e907a093dc4e503f930313b934eadf7"},
    {file = "librt-0.6.2-cp310-cp310-musllinux_1_2_x86_64.whl", hash = "sha256:4d935be27c566cf2c646c198041bbd79023732ceff748dd87ceedc08a049687b"},
    {file = "librt-0.6.2-cp310-cp310-win32.whl", hash = "sha256:cb493736dde178155c07e894962e91377e7ee3afd6d1aa945cf9b065961c948c"},
    {file = "librt-0.6.2-cp310-cp310-win_amd64.whl", hash = "sha256:c7ba7cd0bcbfe3a6ba184ea5ed9fb330a3dd4e7c0958cb426a811bfe28fc9847"},
    {file = "librt-0.6.2-cp311-cp311-macosx_10_9_x86_64.whl", hash = "sha256:aedd015ecf8eb1e4f4d03a9022a8a69205de673b75826dd03fb0ff8c882cd407"},
    {file = "librt-0.6.2-cp311-cp311-macosx_11_0_arm64.whl", hash = "sha256:fa36536067a7029477510be4884ca96bd34a25690c73a3b423109b4f20b16a9a"},
    {file = "librt-0.6.2-cp311-cp311-manylinux1_i686.manylinux_2_28_i686.manylinux_2_5_i686.whl", hash = "sha256:1c6907d657c36f5ed720e9b694d939b2bc872c331cc9c6abd6318294f4309bf9"},
    {file = "librt-0.6.2-cp311-cp311-manylinux2014_aarch64.manylinux_2_17_aarch64.manylinux_2_28_aarch64.whl", hash = "sha256:f12ccd30a488139eb262da6ecc4ffd6f9fc667fd2a87fcb272a78ad5359fb3b7"},
    {file = "librt-0.6.2-cp311-cp311-manylinux2014_x86_64.manylinux_2_17_x86_64.manylinux_2_28_x86_64.whl", hash = "sha256:8ab8de3fa52eef597a441e3ca5aa8b353c752808312b84037b5d8e6a3843b7d9"},
    {file = "librt-0.6.2-cp311-cp311-musllinux_1_2_aarch64.whl", hash = "sha256:f7e3a9deec913289eba43d1b4785043ceb5b21c01f38ffb830d7644736311834"},
    {file = "librt-0.6.2-cp311-cp311-musllinux_1_2_i686.whl", hash = "sha256:e5bcc7c08dcfefca4c2ff4db4fe8218a910d2efe20453cbc5978a76a77d12c9d"},
    {file = "librt-0.6.2-cp311-cp311-musllinux_1_2_x86_64.whl", hash = "sha256:f34c116d51b21f511746eb775cca67a1ab832a22e18721ddfb5b45585e9a29fc"},
    {file = "librt-0.6.2-cp311-cp311-win32.whl", hash = "sha256:3a0017a09cbed5f199962c987dec03fe0c073ef893f4d47b28c85b4e864ee890"},
    {file = "librt-0.6.2-cp311-cp311-win_amd64.whl", hash = "sha256:b727311a51a847c0ba7864fb3406aa9839343d5c221be67b4da8d4740892e4a7"},
    {file = "librt-0.6.2-cp311-cp311-win_arm64.whl", hash = "sha256:f20c699c410d4649f6648ad7b8e64e7f97d8e1debcdb856e17530064444a51a5"},
    {file = "librt-0.6.2-cp312-cp312-macosx_10_13_x86_64.whl", hash = "sha256:29f4e8888de87eb637c1b1c3ca9e97f3d8828e481f5ef0b86bb90ae026215d4c"},
    {file = "librt-0.6.2-cp312-cp312-macosx_11_0_arm64.whl", hash = "sha256:f5cdacbe18f91741a5f45bb169a92ab5299e0c6a7245798d075885480706c4e5"},
    {file = "librt-0.6.2-cp312-cp312-manylinux1_i686.manylinux_2_28_i686.manylinux_2_5_i686.whl", hash = "sha256:de0461670334c16b76885d8a93a3c1f1b0259fb7d817cec326193325c24898e0"},
    {file = "librt-0.6.2-cp312-cp312-manylinux2014_aarch64.manylinux_2_17_aarch64.manylinux_2_28_aarch64.whl", hash = "sha256:fcddd735029802e9ab56d482f977ca08920c432382c9382334e7cfa9ad0bb0de"},
    {file = "librt-0.6.2-cp312-cp312-manylinux2014_x86_64.manylinux_2_17_x86_64.manylinux_2_28_x86_64.whl", hash = "sha256:06c82cf56b3c2fab8e19e7415b6eb1b958356f6e6ee082b0077a582356801185"},
    {file = "librt-0.6.2-cp312-cp312-musllinux_1_2_aarch64.whl", hash = "sha256:3a426287d679aebd6dd3000192d054cdd2d90ae7612b51d0f4931b2f37dd1d13"},
    {file = "librt-0.6.2-cp312-cp312-musllinux_1_2_i686.whl", hash = "sha256:75fa4126883da85600f4763930e8791949f50ab323fa8fc17fb31185b4fd16af"},
    {file = "librt-0.6.2-cp312-cp312-musllinux_1_2_x86_64.whl", hash = "sha256:73cf76b5814d268d777eca17db45a2bdd9c80f50eab01cf8b642f8bf18497358"},
    {file = "librt-0.6.2-cp312-cp312-win32.whl", hash = "sha256:93cd69497046d67f35e1d00cef099bf32f97c277ff950c406e7e062ccf86852e"},
    {file = "librt-0.6.2-cp312-cp312-win_amd64.whl", hash = "sha256:2ada7182335b25120ec960fbbf22d8f534bb9bb101f248f849bc977bc51165c8"},
    {file = "librt-0.6.2-cp312-cp312-win_arm64.whl", hash = "sha256:e2deaac245f6ce54caf6ccb5dabeadd35950e669f4ed31addd300ff4eaee981c"},
    {file = "librt-0.6.2-cp313-cp313-macosx_10_13_x86_64.whl", hash = "sha256:ad4014a959de1b4c020e0de0b92b637463e80d54fc6f12b8c0a357ef7289190f"},
    {file = "librt-0.6.2-cp313-cp313-macosx_11_0_arm64.whl", hash = "sha256:1eea7c6633cdd6ee3fd8d1677949c278bd2db9f6f39d2b34affe2d70c8dc0258"},
    {file = "librt-0.6.2-cp313-cp313-manylinux1_i686.manylinux_2_28_i686.manylinux_2_5_i686.whl", hash = "sha256:28d159adc310be1aba21480d56a6ebc06b98948fb60e15ccc77a77c6a037cd5f"},
    {file = "librt-0.6.2-cp313-cp313-manylinux2014_aarch64.manylinux_2_17_aarch64.manylinux_2_28_aarch64.whl", hash = "sha256:cd85a818a58871a7d3fe3e9821423c06c1d2b5ac6d7ad21f62c28243b858c920"},
    {file = "librt-0.6.2-cp313-cp313-manylinux2014_x86_64.manylinux_2_17_x86_64.manylinux_2_28_x86_64.whl", hash = "sha256:3d58f22191217c6474d1a26269db2347c3862ef9fa379bd0c86bca659fe84145"},
    {file = "librt-0.6.2-cp313-cp313-musllinux_1_2_aarch64.whl", hash = "sha256:6408501b01add8913cfdf795ba57bce7095ac2a2ee170de660d4bff8ad589074"},
    {file = "librt-0.6.2-cp313-cp313-musllinux_1_2_i686.whl", hash = "sha256:fd1d5b3867feeecf3b627178f43b7bb940e0390e81bafab6b681b17112591198"},
    {file = "librt-0.6.2-cp313-cp313-musllinux_1_2_x86_64.whl", hash = "sha256:c2920f525b54cd00adbb0e727d5d3ba6292a2d038788529ad8810a3d77acdf0f"},
    {file = "librt-0.6.2-cp313-cp313-win32.whl", hash = "sha256:74213ad49b127da47a22f2c877be216820215880c527f28df726ad5d505f1239"},
    {file = "librt-0.6.2-cp313-cp313-win_amd64.whl", hash = "sha256:778667b8688bbacba06739eb5b0b78d99d2c65a99262dac5ab25eba473b34d5f"},
    {file = "librt-0.6.2-cp313-cp313-win_arm64.whl", hash = "sha256:e787bfcccdf0f25e02310d7f1e2b9bfea714f594cda37a6ce6da84502f14acbf"},
    {file = "librt-0.6.2-cp314-cp314-macosx_10_13_x86_64.whl", hash = "sha256:b32488d018e41668fe174b51552ddd810c85d1c8d86acbf72fb9240b3937f6a4"},
    {file = "librt-0.6.2-cp314-cp314-macosx_11_0_arm64.whl", hash = "sha256:7fdf4a9a568be5a591691e8f0e68912272b57240592cad3edbb5521ad6bcadb7"},
    {file = "librt-0.6.2-cp314-cp314-manylinux1_i686.manylinux_2_28_i686.manylinux_2_5_i686.whl", hash = "sha256:bacdb6bcaa26d90ab467f4a0646691274735a92d088d7d9040a9b39ebd9abafd"},
    {file = "librt-0.6.2-cp314-cp314-manylinux2014_aarch64.manylinux_2_17_aarch64.manylinux_2_28_aarch64.whl", hash = "sha256:c2554e1b06beb622394b54eda36f22808b4b789dfd421fea6f5031a7de18529b"},
    {file = "librt-0.6.2-cp314-cp314-manylinux2014_x86_64.manylinux_2_17_x86_64.manylinux_2_28_x86_64.whl", hash = "sha256:6569f08ced06fa1a6005c440fb2b6129981084b1d9442c517d5379a4f1b32a9b"},
    {file = "librt-0.6.2-cp314-cp314-musllinux_1_2_aarch64.whl", hash = "sha256:693085d0fd2073260abc57baa309ab90f5ce5510058d0c2c6621988ba633dbe4"},
    {file = "librt-0.6.2-cp314-cp314-musllinux_1_2_i686.whl", hash = "sha256:2264a99845c8f509b4060f730a51947ca51efcbee9b4c74033c8308290cd992b"},
    {file = "librt-0.6.2-cp314-cp314-musllinux_1_2_x86_64.whl", hash = "sha256:55dc24c5a0f52ec01c8a655e266f75a809b30322443cb9a6372560fd77c9f3ba"},
    {file = "librt-0.6.2-cp314-cp314-win32.whl", hash = "sha256:7b904b5d0ed10b2dac3c65bb3afadc23527d09b0787b6ae548b76d3cf432b402"},
    {file = "librt-0.6.2-cp314-cp314-win_amd64.whl", hash = "sha256:faf0112a7a8fcabd168c69d1bcbabca8767738db3f336caaac5653d91c3d1c0b"},
    {file = "librt-0.6.2-cp314-cp314-win_arm64.whl", hash = "sha256:9c1125d3a89ce640e5a73114ee24f7198bf69c194802c0b4e791d99e7a0929e4"},
    {file = "librt-0.6.2-cp314-cp314t-macosx_10_13_x86_64.whl", hash = "sha256:4f3cbbf8c59fd705be4a0c82b9be204149806483454f37753ac1f8b4ef7c943d"},
    {file = "librt-0.6.2-cp314-cp314t-macosx_11_0_arm64.whl", hash = "sha256:0d0ac917e1b14781a7f478155c63060e86a79261e3765f4f08569225758f5563"},
    {file = "librt-0.6.2-cp314-cp314t-manylinux1_i686.manylinux_2_28_i686.manylinux_2_5_i686.whl", hash = "sha256:ec1ccda3ab5d942b0df64634aa5c0d72e73fd2d9be63d0385e48b87929186343"},
    {file = "librt-0.6.2-cp314-cp314t-manylinux2014_aarch64.manylinux_2_17_aarch64.manylinux_2_28_aarch64.whl", hash = "sha256:bc8a00fd9899e89f2096b130d5697734d6fd82ecf474eb006b836d206dad80b8"},
    {file = "librt-0.6.2-cp314-cp314t-manylinux2014_x86_64.manylinux_2_17_x86_64.manylinux_2_28_x86_64.whl", hash = "sha256:22e1c97b3848924f1ff3e5404aee12f1c6a9e17d715f922b4f694c77a1a365d2"},
    {file = "librt-0.6.2-cp314-cp314t-musllinux_1_2_aarch64.whl", hash = "sha256:924c11a0d02568dada2463f819caf184ac0c88662e836ccc91001921db543acb"},
    {file = "librt-0.6.2-cp314-cp314t-musllinux_1_2_i686.whl", hash = "sha256:21c9f9440d7464a6783f51f701beaadfff75d48aacf174d94cf4b793b826420b"},
    {file = "librt-0.6.2-cp314-cp314t-musllinux_1_2_x86_64.whl", hash = "sha256:4b2d9364f0794b7c92f02d62321f5f0ab9d9061fc812871a8c34f418bdf43964"},
    {file = "librt-0.6.2-cp314-cp314t-win32.whl", hash = "sha256:64451cbf341224e274f6f7e27c09c00a6758c7d4d6176a03e259a12e0befb7d8"},
    {file = "librt-0.6.2-cp314-cp314t-win_amd64.whl", hash = "sha256:dd08422c485df288c5c899d2adbbba15e317fc30f627119c99c2111da1920fb5"},
    {file = "librt-0.6.2-cp314-cp314t-win_arm64.whl", hash = "sha256:de06350dfbf0649c0458e0af95fa516886120d0d11ed4ebbfcb7f67b038ab393"},
    {file = "librt-0.6.2-cp39-cp39-macosx_10_9_x86_64.whl", hash = "sha256:de1013446dc044bed5e7978cf29a8ce2263d5c53f28b38fa408476357f5512bd"},
    {file = "librt-0.6.2-cp39-cp39-macosx_11_0_arm64.whl", hash = "sha256:d2f6d1dc8a48244e31df30bde1795cafccd51f84ed6e10ded0f37595e3f6d78c"},
    {file = "librt-0.6.2-cp39-cp39-manylinux1_i686.manylinux_2_28_i686.manylinux_2_5_i686.whl", hash = "sha256:9da3de5096c919d1bbcef803497eef9641ea5d69729d3599b671bec34ae32c3b"},
    {file = "librt-0.6.2-cp39-cp39-manylinux2014_aarch64.manylinux_2_17_aarch64.manylinux_2_28_aarch64.whl", hash = "sha256:98986e7dbcf763cefea7437118405b327bf7f23b75449e1a4d97dd53418de59a"},
    {file = "librt-0.6.2-cp39-cp39-manylinux2014_x86_64.manylinux_2_17_x86_64.manylinux_2_28_x86_64.whl", hash = "sha256:c68c8b2f49c34988fbad8ef4ca4d5f113b71e4e9afb580210eccfe6ee08e4636"},
    {file = "librt-0.6.2-cp39-cp39-musllinux_1_2_aarch64.whl", hash = "sha256:17e92b1e425b341e53fce61f9332317e5d1ad16b23424175a3f834e9abc71d87"},
    {file = "librt-0.6.2-cp39-cp39-musllinux_1_2_i686.whl", hash = "sha256:172ef6a8374f779c9738bc92959d6a9f2182d84072e5758a05dcca072dc622ad"},
    {file = "librt-0.6.2-cp39-cp39-musllinux_1_2_x86_64.whl", hash = "sha256:911f83129937eefaf8e98cec42c7bb5cd6d19b048f3e4a6c98ebe58ce62267f0"},
    {file = "librt-0.6.2-cp39-cp39-win32.whl", hash = "sha256:7c749c94421ced50793d10ee7b37896a98eeed76caea0a992a73ea56937d17b4"},
    {file = "librt-0.6.2-cp39-cp39-win_amd64.whl", hash = "sha256:71c24bfb56fed324395dbf094340571e9521ce868fba2b4a453a17fefa78f7e5"},
    {file = "librt-0.6.2.tar.gz", hash = "sha256:3898faf00cada0bf2a97106936e92fe107ee4fbdf4e5ebd922cfd5ee9f052884"},
]

[[package]]
name = "loguru"
version = "0.7.3"
description = "Python logging made (stupidly) simple"
optional = false
python-versions = "<4.0,>=3.5"
groups = ["main"]
files = [
    {file = "loguru-0.7.3-py3-none-any.whl", hash = "sha256:31a33c10c8e1e10422bfd431aeb5d351c7cf7fa671e3c4df004162264b28220c"},
    {file = "loguru-0.7.3.tar.gz", hash = "sha256:19480589e77d47b8d85b2c827ad95d49bf31b0dcde16593892eb51dd18706eb6"},
]

[package.dependencies]
colorama = {version = ">=0.3.4", markers = "sys_platform == \"win32\""}
win32-setctime = {version = ">=1.0.0", markers = "sys_platform == \"win32\""}

[package.extras]
dev = ["Sphinx (==8.1.3) ; python_version >= \"3.11\"", "build (==1.2.2) ; python_version >= \"3.11\"", "colorama (==0.4.5) ; python_version < \"3.8\"", "colorama (==0.4.6) ; python_version >= \"3.8\"", "exceptiongroup (==1.1.3) ; python_version >= \"3.7\" and python_version < \"3.11\"", "freezegun (==1.1.0) ; python_version < \"3.8\"", "freezegun (==1.5.0) ; python_version >= \"3.8\"", "mypy (==v0.910) ; python_version < \"3.6\"", "mypy (==v0.971) ; python_version == \"3.6\"", "mypy (==v1.13.0) ; python_version >= \"3.8\"", "mypy (==v1.4.1) ; python_version == \"3.7\"", "myst-parser (==4.0.0) ; python_version >= \"3.11\"", "pre-commit (==4.0.1) ; python_version >= \"3.9\"", "pytest (==6.1.2) ; python_version < \"3.8\"", "pytest (==8.3.2) ; python_version >= \"3.8\"", "pytest-cov (==2.12.1) ; python_version < \"3.8\"", "pytest-cov (==5.0.0) ; python_version == \"3.8\"", "pytest-cov (==6.0.0) ; python_version >= \"3.9\"", "pytest-mypy-plugins (==1.9.3) ; python_version >= \"3.6\" and python_version < \"3.8\"", "pytest-mypy-plugins (==3.1.0) ; python_version >= \"3.8\"", "sphinx-rtd-theme (==3.0.2) ; python_version >= \"3.11\"", "tox (==3.27.1) ; python_version < \"3.8\"", "tox (==4.23.2) ; python_version >= \"3.8\"", "twine (==6.0.1) ; python_version >= \"3.11\""]

[[package]]
name = "markdown-it-py"
version = "3.0.0"
description = "Python port of markdown-it. Markdown parsing, done right!"
optional = false
python-versions = ">=3.8"
groups = ["main"]
files = [
    {file = "markdown-it-py-3.0.0.tar.gz", hash = "sha256:e3f60a94fa066dc52ec76661e37c851cb232d92f9886b15cb560aaada2df8feb"},
    {file = "markdown_it_py-3.0.0-py3-none-any.whl", hash = "sha256:355216845c60bd96232cd8d8c40e8f9765cc86f46880e43a8fd22dc1a1a8cab1"},
]

[package.dependencies]
mdurl = ">=0.1,<1.0"

[package.extras]
benchmarking = ["psutil", "pytest", "pytest-benchmark"]
code-style = ["pre-commit (>=3.0,<4.0)"]
compare = ["commonmark (>=0.9,<1.0)", "markdown (>=3.4,<4.0)", "mistletoe (>=1.0,<2.0)", "mistune (>=2.0,<3.0)", "panflute (>=2.3,<3.0)"]
linkify = ["linkify-it-py (>=1,<3)"]
plugins = ["mdit-py-plugins"]
profiling = ["gprof2dot"]
rtd = ["jupyter_sphinx", "mdit-py-plugins", "myst-parser", "pyyaml", "sphinx", "sphinx-copybutton", "sphinx-design", "sphinx_book_theme"]
testing = ["coverage", "pytest", "pytest-cov", "pytest-regressions"]

[[package]]
name = "mdurl"
version = "0.1.2"
description = "Markdown URL utilities"
optional = false
python-versions = ">=3.7"
groups = ["main"]
files = [
    {file = "mdurl-0.1.2-py3-none-any.whl", hash = "sha256:84008a41e51615a49fc9966191ff91509e3c40b939176e643fd50a5c2196b8f8"},
    {file = "mdurl-0.1.2.tar.gz", hash = "sha256:bb413d29f5eea38f31dd4754dd7377d4465116fb207585f97bf925588687c1ba"},
]

[[package]]
name = "mypy"
version = "1.19.1"
description = "Optional static typing for Python"
optional = false
python-versions = ">=3.9"
groups = ["dev"]
files = [
    {file = "mypy-1.19.1-cp310-cp310-macosx_10_9_x86_64.whl", hash = "sha256:5f05aa3d375b385734388e844bc01733bd33c644ab48e9684faa54e5389775ec"},
    {file = "mypy-1.19.1-cp310-cp310-macosx_11_0_arm64.whl", hash = "sha256:022ea7279374af1a5d78dfcab853fe6a536eebfda4b59deab53cd21f6cd9f00b"},
    {file = "mypy-1.19.1-cp310-cp310-manylinux2014_aarch64.manylinux_2_17_aarch64.manylinux_2_28_aarch64.whl", hash = "sha256:ee4c11e460685c3e0c64a4c5de82ae143622410950d6be863303a1c4ba0e36d6"},
    {file = "mypy-1.19.1-cp310-cp310-manylinux2014_x86_64.manylinux_2_17_x86_64.manylinux_2_28_x86_64.whl", hash = "sha256:de759aafbae8763283b2ee5869c7255391fbc4de3ff171f8f030b5ec48381b74"},
    {file = "mypy-1.19.1-cp310-cp310-musllinux_1_2_x86_64.whl", hash = "sha256:ab43590f9cd5108f41aacf9fca31841142c786827a74ab7cc8a2eacb634e09a1"},
    {file = "mypy-1.19.1-cp310-cp310-win_amd64.whl", hash = "sha256:2899753e2f61e571b3971747e302d5f420c3fd09650e1951e99f823bc3089dac"},
    {file = "mypy-1.19.1-cp311-cp311-macosx_10_9_x86_64.whl", hash = "sha256:d8dfc6ab58ca7dda47d9237349157500468e404b17213d44fc1cb77bce532288"},
    {file = "mypy-1.19.1-cp311-cp311-macosx_11_0_arm64.whl", hash = "sha256:e3f276d8493c3c97930e354b2595a44a21348b320d859fb4a2b9f66da9ed27ab"},
    {file = "mypy-1.19.1-cp311-cp311-manylinux2014_aarch64.manylinux_2_17_aarch64.manylinux_2_28_aarch64.whl", hash = "sha256:2abb24cf3f17864770d18d673c85235ba52456b36a06b6afc1e07c1fdcd3d0e6"},
    {file = "mypy-1.19.1-cp311-cp311-manylinux2014_x86_64.manylinux_2_17_x86_64.manylinux_2_28_x86_64.whl", hash = "sha256:a009ffa5a621762d0c926a078c2d639104becab69e79538a494bcccb62cc0331"},
    {file = "mypy-1.19.1-cp311-cp311-musllinux_1_2_x86_64.whl", hash = "sha256:f7cee03c9a2e2ee26ec07479f38ea9c884e301d42c6d43a19d20fb014e3ba925"},
    {file = "mypy-1.19.1-cp311-cp311-win_amd64.whl", hash = "sha256:4b84a7a18f41e167f7995200a1d07a4a6810e89d29859df936f1c3923d263042"},
    {file = "mypy-1.19.1-cp312-cp312-macosx_10_13_x86_64.whl", hash = "sha256:a8174a03289288c1f6c46d55cef02379b478bfbc8e358e02047487cad44c6ca1"},
    {file = "mypy-1.19.1-cp312-cp312-macosx_11_0_arm64.whl", hash = "sha256:ffcebe56eb09ff0c0885e750036a095e23793ba6c2e894e7e63f6d89ad51f22e"},
    {file = "mypy-1.19.1-cp312-cp312-manylinux2014_aarch64.manylinux_2_17_aarch64.manylinux_2_28_aarch64.whl", hash = "sha256:b64d987153888790bcdb03a6473d321820597ab8dd9243b27a92153c4fa50fd2"},
    {file = "mypy-1.19.1-cp312-cp312-manylinux2014_x86_64.manylinux_2_17_x86_64.manylinux_2_28_x86_64.whl", hash = "sha256:c35d298c2c4bba75feb2195655dfea8124d855dfd7343bf8b8c055421eaf0cf8"},
    {file = "mypy-1.19.1-cp312-cp312-musllinux_1_2_x86_64.whl", hash = "sha256:34c81968774648ab5ac09c29a375fdede03ba253f8f8287847bd480782f73a6a"},
    {file = "mypy-1.19.1-cp312-cp312-win_amd64.whl", hash = "sha256:b10e7c2cd7870ba4ad9b2d8a6102eb5ffc1f16ca35e3de6bfa390c1113029d13"},
    {file = "mypy-1.19.1-cp313-cp313-macosx_10_13_x86_64.whl", hash = "sha256:e3157c7594ff2ef1634ee058aafc56a82db665c9438fd41b390f3bde1ab12250"},
    {file = "mypy-1.19.1-cp313-cp313-macosx_11_0_arm64.whl", hash = "sha256:bdb12f69bcc02700c2b47e070238f42cb87f18c0bc1fc4cdb4fb2bc5fd7a3b8b"},
    {file = "mypy-1.19.1-cp313-cp313-manylinux2014_aarch64.manylinux_2_17_aarch64.manylinux_2_28_aarch64.whl", hash = "sha256:f859fb09d9583a985be9a493d5cfc5515b56b08f7447759a0c5deaf68d80506e"},
    {file = "mypy-1.19.1-cp313-cp313-manylinux2014_x86_64.manylinux_2_17_x86_64.manylinux_2_28_x86_64.whl", hash = "sha256:c9a6538e0415310aad77cb94004ca6482330fece18036b5f360b62c45814c4ef"},
    {file = "mypy-1.19.1-cp313-cp313-musllinux_1_2_x86_64.whl", hash = "sha256:da4869fc5e7f62a88f3fe0b5c919d1d9f7ea3cef92d3689de2823fd27e40aa75"},
    {file = "mypy-1.19.1-cp313-cp313-win_amd64.whl", hash = "sha256:016f2246209095e8eda7538944daa1d60e1e8134d98983b9fc1e92c1fc0cb8dd"},
    {file = "mypy-1.19.1-cp314-cp314-macosx_10_15_x86_64.whl", hash = "sha256:06e6170bd5836770e8104c8fdd58e5e725cfeb309f0a6c681a811f557e97eac1"},
    {file = "mypy-1.19.1-cp314-cp314-macosx_11_0_arm64.whl", hash = "sha256:804bd67b8054a85447c8954215a906d6eff9cabeabe493fb6334b24f4bfff718"},
    {file = "mypy-1.19.1-cp314-cp314-manylinux2014_aarch64.manylinux_2_17_aarch64.manylinux_2_28_aarch64.whl", hash = "sha256:21761006a7f497cb0d4de3d8ef4ca70532256688b0523eee02baf9eec895e27b"},
    {file = "mypy-1.19.1-cp314-cp314-manylinux2014_x86_64.manylinux_2_17_x86_64.manylinux_2_28_x86_64.whl", hash = "sha256:28902ee51f12e0f19e1e16fbe2f8f06b6637f482c459dd393efddd0ec7f82045"},
    {file = "mypy-1.19.1-cp314-cp314-musllinux_1_2_x86_64.whl", hash = "sha256:481daf36a4c443332e2ae9c137dfee878fcea781a2e3f895d54bd3002a900957"},
    {file = "mypy-1.19.1-cp314-cp314-win_amd64.whl", hash = "sha256:8bb5c6f6d043655e055be9b542aa5f3bdd30e4f3589163e85f93f3640060509f"},
    {file = "mypy-1.19.1-cp39-cp39-macosx_10_9_x86_64.whl", hash = "sha256:7bcfc336a03a1aaa26dfce9fff3e287a3ba99872a157561cbfcebe67c13308e3"},
    {file = "mypy-1.19.1-cp39-cp39-macosx_11_0_arm64.whl", hash = "sha256:b7951a701c07ea584c4fe327834b92a30825514c868b1f69c30445093fdd9d5a"},
    {file = "mypy-1.19.1-cp39-cp39-manylinux2014_aarch64.manylinux_2_17_aarch64.manylinux_2_28_aarch64.whl", hash = "sha256:b13cfdd6c87fc3efb69ea4ec18ef79c74c3f98b4e5498ca9b85ab3b2c2329a67"},
    {file = "mypy-1.19.1-cp39-cp39-manylinux2014_x86_64.manylinux_2_17_x86_64.manylinux_2_28_x86_64.whl", hash = "sha256:4f28f99c824ecebcdaa2e55d82953e38ff60ee5ec938476796636b86afa3956e"},
    {file = "mypy-1.19.1-cp39-cp39-musllinux_1_2_x86_64.whl", hash = "sha256:c608937067d2fc5a4dd1a5ce92fd9e1398691b8c5d012d66e1ddd430e9244376"},
    {file = "mypy-1.19.1-cp39-cp39-win_amd64.whl", hash = "sha256:409088884802d511ee52ca067707b90c883426bd95514e8cfda8281dc2effe24"},
    {file = "mypy-1.19.1-py3-none-any.whl", hash = "sha256:f1235f5ea01b7db5468d53ece6aaddf1ad0b88d9e7462b86ef96fe04995d7247"},
    {file = "mypy-1.19.1.tar.gz", hash = "sha256:19d88bb05303fe63f71dd2c6270daca27cb9401c4ca8255fe50d1d920e0eb9ba"},
]

[package.dependencies]
librt = {version = ">=0.6.2", markers = "platform_python_implementation != \"PyPy\""}
mypy_extensions = ">=1.0.0"
pathspec = ">=0.9.0"
typing_extensions = ">=4.6.0"

[package.extras]
dmypy = ["psutil (>=4.0)"]
faster-cache = ["orjson"]
install-types = ["pip"]
mypyc = ["setuptools (>=50)"]
reports = ["lxml"]

[[package]]
name = "mypy-extensions"
version = "1.0.0"
description = "Type system extensions for programs checked with the mypy type checker."
optional = false
python-versions = ">=3.5"
groups = ["dev"]
files = [
    {file = "mypy_extensions-1.0.0-py3-none-any.whl", hash = "sha256:4392f6c0eb8a5668a69e23d168ffa70f0be9ccfd32b5cc2d26a34ae5b844552d"},
    {file = "mypy_extensions-1.0.0.tar.gz", hash = "sha256:75dbf8955dc00442a438fc4d0666508a9a97b6bd41aa2f0ffe9d2f2725af0782"},
]

[[package]]
name = "packaging"
version = "24.0"
description = "Core utilities for Python packages"
optional = false
python-versions = ">=3.7"
groups = ["dev"]
files = [
    {file = "packaging-24.0-py3-none-any.whl", hash = "sha256:2ddfb553fdf02fb784c234c7ba6ccc288296ceabec964ad2eae3777778130bc5"},
    {file = "packaging-24.0.tar.gz", hash = "sha256:eb82c5e3e56209074766e6885bb04b8c38a0c015d0a30036ebe7ece34c9989e9"},
]

[[package]]
name = "pathspec"
version = "0.12.1"
description = "Utility library for gitignore style pattern matching of file paths."
optional = false
python-versions = ">=3.8"
groups = ["dev"]
files = [
    {file = "pathspec-0.12.1-py3-none-any.whl", hash = "sha256:a0d503e138a4c123b27490a4f7beda6a01c6f288df0e4a8b79c7eb0dc7b4cc08"},
    {file = "pathspec-0.12.1.tar.gz", hash = "sha256:a482d51503a1ab33b1c67a6c3813a26953dbdc71c31dacaef9a838c4e29f5712"},
]

[[package]]
name = "pluggy"
version = "1.5.0"
description = "plugin and hook calling mechanisms for python"
optional = false
python-versions = ">=3.8"
groups = ["dev"]
files = [
    {file = "pluggy-1.5.0-py3-none-any.whl", hash = "sha256:44e1ad92c8ca002de6377e165f3e0f1be63266ab4d554740532335b9d75ea669"},
    {file = "pluggy-1.5.0.tar.gz", hash = "sha256:2cffa88e94fdc978c4c574f15f9e59b7f4201d439195c3715ca9e2486f1d0cf1"},
]

[package.extras]
dev = ["pre-commit", "tox"]
testing = ["pytest", "pytest-benchmark"]

[[package]]
name = "pyasn1"
version = "0.6.0"
description = "Pure-Python implementation of ASN.1 types and DER/BER/CER codecs (X.208)"
optional = false
python-versions = ">=3.8"
groups = ["main"]
files = [
    {file = "pyasn1-0.6.0-py2.py3-none-any.whl", hash = "sha256:cca4bb0f2df5504f02f6f8a775b6e416ff9b0b3b16f7ee80b5a3153d9b804473"},
    {file = "pyasn1-0.6.0.tar.gz", hash = "sha256:3a35ab2c4b5ef98e17dfdec8ab074046fbda76e281c5a706ccd82328cfc8f64c"},
]

[[package]]
name = "pygments"
version = "2.17.2"
description = "Pygments is a syntax highlighting package written in Python."
optional = false
python-versions = ">=3.7"
groups = ["main", "dev"]
files = [
    {file = "pygments-2.17.2-py3-none-any.whl", hash = "sha256:b27c2826c47d0f3219f29554824c30c5e8945175d888647acd804ddd04af846c"},
    {file = "pygments-2.17.2.tar.gz", hash = "sha256:da46cec9fd2de5be3a8a784f434e4c4ab670b4ff54d605c4c2717e9d49c4c367"},
]

[package.extras]
plugins = ["importlib-metadata ; python_version < \"3.8\""]
windows-terminal = ["colorama (>=0.4.6)"]

[[package]]
name = "pytest"
version = "9.0.2"
description = "pytest: simple powerful testing with Python"
optional = false
python-versions = ">=3.10"
groups = ["dev"]
files = [
    {file = "pytest-9.0.2-py3-none-any.whl", hash = "sha256:711ffd45bf766d5264d487b917733b453d917afd2b0ad65223959f59089f875b"},
    {file = "pytest-9.0.2.tar.gz", hash = "sha256:75186651a92bd89611d1d9fc20f0b4345fd827c41ccd5c299a868a05d70edf11"},
]

[package.dependencies]
colorama = {version = ">=0.4", markers = "sys_platform == \"win32\""}
iniconfig = ">=1.0.1"
packaging = ">=22"
pluggy = ">=1.5,<2"
pygments = ">=2.7.2"

[package.extras]
dev = ["argcomplete", "attrs (>=19.2)", "hypothesis (>=3.56)", "mock", "requests", "setuptools", "xmlschema"]

[[package]]
name = "rich"
version = "13.7.1"
description = "Render rich text, tables, progress bars, syntax highlighting, markdown and more to the terminal"
optional = false
python-versions = ">=3.7.0"
groups = ["main"]
files = [
    {file = "rich-13.7.1-py3-none-any.whl", hash = "sha256:4edbae314f59eb482f54e9e30bf00d33350aaa94f4bfcd4e9e3110e64d0d7222"},
    {file = "rich-13.7.1.tar.gz", hash = "sha256:9be308cb1fe2f1f57d67ce99e95af38a1e2bc71ad9813b0e247cf7ffbcc3a432"},
]

[package.dependencies]
markdown-it-py = ">=2.2.0"
pygments = ">=2.13.0,<3.0.0"

[package.extras]
jupyter = ["ipywidgets (>=7.5.1,<9)"]

[[package]]
name = "ruff"
version = "0.14.13"
description = "An extremely fast Python linter and code formatter, written in Rust."
optional = false
python-versions = ">=3.7"
groups = ["dev"]
files = [
    {file = "ruff-0.14.13-py3-none-linux_armv6l.whl", hash = "sha256:76f62c62cd37c276cb03a275b198c7c15bd1d60c989f944db08a8c1c2dbec18b"},
    {file = "ruff-0.14.13-py3-none-macosx_10_12_x86_64.whl", hash = "sha256:914a8023ece0528d5cc33f5a684f5f38199bbb566a04815c2c211d8f40b5d0ed"},
    {file = "ruff-0.14.13-py3-none-macosx_11_0_arm64.whl", hash = "sha256:d24899478c35ebfa730597a4a775d430ad0d5631b8647a3ab368c29b7e7bd063"},
    {file = "ruff-0.14.13-py3-none-manylinux_2_17_aarch64.manylinux2014_aarch64.whl", hash = "sha256:9aaf3870f14d925bbaf18b8a2347ee0ae7d95a2e490e4d4aea6813ed15ebc80e"},
    {file = "ruff-0.14.13-py3-none-manylinux_2_17_armv7l.manylinux2014_armv7l.whl", hash = "sha256:ac5b7f63dd3b27cc811850f5ffd8fff845b00ad70e60b043aabf8d6ecc304e09"},
    {file = "ruff-0.14.13-py3-none-manylinux_2_17_i686.manylinux2014_i686.whl", hash = "sha256:78d2b1097750d90ba82ce4ba676e85230a0ed694178ca5e61aa9b459970b3eb9"},
    {file = "ruff-0.14.13-py3-none-manylinux_2_17_ppc64.manylinux2014_ppc64.whl", hash = "sha256:7d0bf87705acbbcb8d4c24b2d77fbb73d40210a95c3903b443cd9e30824a5032"},
    {file = "ruff-0.14.13-py3-none-manylinux_2_17_ppc64le.manylinux2014_ppc64le.whl", hash = "sha256:a3eb5da8e2c9e9f13431032fdcbe7681de9ceda5835efee3269417c13f1fed5c"},
    {file = "ruff-0.14.13-py3-none-manylinux_2_17_s390x.manylinux2014_s390x.whl", hash = "sha256:642442b42957093811cd8d2140dfadd19c7417030a7a68cf8d51fcdd5f217427"},
    {file = "ruff-0.14.13-py3-none-manylinux_2_17_x86_64.manylinux2014_x86_64.whl", hash = "sha256:4acdf009f32b46f6e8864af19cbf6841eaaed8638e65c8dac845aea0d703c841"},
    {file = "ruff-0.14.13-py3-none-manylinux_2_31_riscv64.whl", hash = "sha256:591a7f68860ea4e003917d19b5c4f5ac39ff558f162dc753a2c5de897fd5502c"},
    {file = "ruff-0.14.13-py3-none-musllinux_1_2_aarch64.whl", hash = "sha256:774c77e841cc6e046fc3e91623ce0903d1cd07e3a36b1a9fe79b81dab3de506b"},
    {file = "ruff-0.14.13-py3-none-musllinux_1_2_armv7l.whl", hash = "sha256:61f4e40077a1248436772bb6512db5fc4457fe4c49e7a94ea7c5088655dd21ae"},
    {file = "ruff-0.14.13-py3-none-musllinux_1_2_i686.whl", hash = "sha256:6d02f1428357fae9e98ac7aa94b7e966fd24151088510d32cf6f902d6c09235e"},
    {file = "ruff-0.14.13-py3-none-musllinux_1_2_x86_64.whl", hash = "sha256:e399341472ce15237be0c0ae5fbceca4b04cd9bebab1a2b2c979e015455d8f0c"},
    {file = "ruff-0.14.13-py3-none-win32.whl", hash = "sha256:ef720f529aec113968b45dfdb838ac8934e519711da53a0456038a0efecbd680"},
    {file = "ruff-0.14.13-py3-none-win_amd64.whl", hash = "sha256:6070bd026e409734b9257e03e3ef18c6e1a216f0435c6751d7a8ec69cb59abef"},
    {file = "ruff-0.14.13-py3-none-win_arm64.whl", hash = "sha256:7ab819e14f1ad9fe39f246cfcc435880ef7a9390d81a2b6ac7e01039083dd247"},
    {file = "ruff-0.14.13.tar.gz", hash = "sha256:83cd6c0763190784b99650a20fec7633c59f6ebe41c5cc9d45ee42749563ad47"},
]

[[package]]
name = "shellingham"
version = "1.5.4"
description = "Tool to Detect Surrounding Shell"
optional = false
python-versions = ">=3.7"
groups = ["main"]
files = [
    {file = "shellingham-1.5.4-py2.py3-none-any.whl", hash = "sha256:7ecfff8f2fd72616f7481040475a65b2bf8af90a56c89140852d1120324e8686"},
    {file = "shellingham-1.5.4.tar.gz", hash = "sha256:8dbca0739d487e5bd35ab3ca4b36e11c4078f3a234bfce294b0a0291363404de"},
]

[[package]]
name = "typer"
version = "0.21.1"
description = "Typer, build great CLIs. Easy to code. Based on Python type hints."
optional = false
python-versions = ">=3.9"
groups = ["main"]
files = [
    {file = "typer-0.21.1-py3-none-any.whl", hash = "sha256:7985e89081c636b88d172c2ee0cfe33c253160994d47bdfdc302defd7d1f1d01"},
    {file = "typer-0.21.1.tar.gz", hash = "sha256:ea835607cd752343b6b2b7ce676893e5a0324082268b48f27aa058bdb7d2145d"},
]

[package.dependencies]
click = ">=8.0.0"
rich = ">=10.11.0"
shellingham = ">=1.3.0"
typing-extensions = ">=3.7.4.3"

[[package]]
name = "types-ldap3"
version = "2.9.13.20251121"
description = "Typing stubs for ldap3"
optional = false
python-versions = ">=3.9"
groups = ["dev"]
files = [
    {file = "types_ldap3-2.9.13.20251121-py3-none-any.whl", hash = "sha256:20356bf413cb178898f5b171463b44b82044b8b69f9331e09950009cfef05e48"},
    {file = "types_ldap3-2.9.13.20251121.tar.gz", hash = "sha256:58f1a63ab56c6e47102035682ec1acf1b127467ae2f52a916f40a6aca852e5a5"},
]

[package.dependencies]
types-pyasn1 = "*"

[[package]]
name = "types-pyasn1"
version = "0.6.0.20240402"
description = "Typing stubs for pyasn1"
optional = false
python-versions = ">=3.8"
groups = ["dev"]
files = [
    {file = "types-pyasn1-0.6.0.20240402.tar.gz", hash = "sha256:5d54dcb33f69dd269071ca098e923ac20c5f03c814631fa7f3ed9ee035a5da3a"},
    {file = "types_pyasn1-0.6.0.20240402-py3-none-any.whl", hash = "sha256:848d01e7313c200acc035a8b3d377fe7b2aecbe77f2be49eb160a7f82835aaaf"},
]

[[package]]
name = "typing-extensions"
version = "4.11.0"
description = "Backported and Experimental Type Hints for Python 3.8+"
optional = false
python-versions = ">=3.8"
groups = ["main", "dev"]
files = [
    {file = "typing_extensions-4.11.0-py3-none-any.whl", hash = "sha256:c1f94d72897edaf4ce775bb7558d5b79d8126906a14ea5ed1635921406c0387a"},
    {file = "typing_extensions-4.11.0.tar.gz", hash = "sha256:83f085bd5ca59c80295fc2a82ab5dac679cbe02b9f33f7d83af68e241bea51b0"},
]

[[package]]
name = "win32-setctime"
version = "1.1.0"
description = "A small Python utility to set file creation time on Windows"
optional = false
python-versions = ">=3.5"
groups = ["main"]
markers = "sys_platform == \"win32\""
files = [
    {file = "win32_setctime-1.1.0-py3-none-any.whl", hash = "sha256:231db239e959c2fe7eb1d7dc129f11172354f98361c4fa2d6d2d7e278baa8aad"},
    {file = "win32_setctime-1.1.0.tar.gz", hash = "sha256:15cf5750465118d6929ae4de4eb46e8edae9a5634350c01ba582df868e932cb2"},
]

[package.extras]
dev = ["black (>=19.3b0) ; python_version >= \"3.6\"", "pytest (>=4.6.2)"]

[metadata]
lock-version = "2.1"
python-versions = "^3.12"
content-hash = "4c6fd113245fbe926d9578e058eb8bfee31bc8a5b81b8117bfbd1414dadf4e75"
